
Microsoft Visual Studio Solution File, Format Version 12.00
# Visual Studio Version 16
VisualStudioVersion = 16.0.31321.278
MinimumVisualStudioVersion = 10.0.40219.1
Project("{FAE04EC0-301F-11D3-BF4B-00C04F79EFBC}") = "6. Schedule", "6. Schedule.csproj", "{4D32D17D-274F-465F-95EF-AB94C493D122}"
EndProject
Global
	GlobalSection(SolutionConfigurationPlatforms) = preSolution
		Debug|Any CPU = Debug|Any CPU
		Release|Any CPU = Release|Any CPU
	EndGlobalSection
	GlobalSection(ProjectConfigurationPlatforms) = postSolution
		{4D32D17D-274F-465F-95EF-AB94C493D122}.Debug|Any CPU.ActiveCfg = Debug|Any CPU
		{4D32D17D-274F-465F-95EF-AB94C493D122}.Debug|Any CPU.Build.0 = Debug|Any CPU
		{4D32D17D-274F-465F-95EF-AB94C493D122}.Release|Any CPU.ActiveCfg = Release|Any CPU
		{4D32D17D-274F-465F-95EF-AB94C493D122}.Release|Any CPU.Build.0 = Release|Any CPU
	EndGlobalSection
	GlobalSection(SolutionProperties) = preSolution
		HideSolutionNode = FALSE
	EndGlobalSection
	GlobalSection(ExtensibilityGlobals) = postSolution
		SolutionGuid = {EBEDA5E4-AAE5-4978-ABF3-0C6851420D9E}
	EndGlobalSection
EndGlobal
